
Microsoft Visual Studio Solution File, Format Version 12.00
# Visual Studio Version 17
VisualStudioVersion = 17.3.32804.467
MinimumVisualStudioVersion = 10.0.40219.1
Project("{FAE04EC0-301F-11D3-BF4B-00C04F79EFBC}") = "CustomerLoggerSupport", "CustomerLoggerSupport\CustomerLoggerSupport.csproj", "{9205FA6C-609D-4A4E-8EE9-D827C6EC9825}"
	ProjectSection(ProjectDependencies) = postProject
		{E8097348-B126-45D4-AA35-DAA01E693ED8} = {E8097348-B126-45D4-AA35-DAA01E693ED8}
	EndProjectSection
EndProject
Project("{FAE04EC0-301F-11D3-BF4B-00C04F79EFBC}") = "DAL", "DAL\DAL.csproj", "{E8097348-B126-45D4-AA35-DAA01E693ED8}"
EndProject
Project("{FAE04EC0-301F-11D3-BF4B-00C04F79EFBC}") = "DAL.Tests", "DAL.Tests\DAL.Tests.csproj", "{2C26B168-FD51-4FCA-95AE-F7E0A9D347D0}"
	ProjectSection(ProjectDependencies) = postProject
		{9205FA6C-609D-4A4E-8EE9-D827C6EC9825} = {9205FA6C-609D-4A4E-8EE9-D827C6EC9825}
		{E8097348-B126-45D4-AA35-DAA01E693ED8} = {E8097348-B126-45D4-AA35-DAA01E693ED8}
	EndProjectSection
EndProject
Global
	GlobalSection(SolutionConfigurationPlatforms) = preSolution
		Debug|Any CPU = Debug|Any CPU
		Release|Any CPU = Release|Any CPU
	EndGlobalSection
	GlobalSection(ProjectConfigurationPlatforms) = postSolution
		{9205FA6C-609D-4A4E-8EE9-D827C6EC9825}.Debug|Any CPU.ActiveCfg = Debug|Any CPU
		{9205FA6C-609D-4A4E-8EE9-D827C6EC9825}.Debug|Any CPU.Build.0 = Debug|Any CPU
		{9205FA6C-609D-4A4E-8EE9-D827C6EC9825}.Release|Any CPU.ActiveCfg = Release|Any CPU
		{9205FA6C-609D-4A4E-8EE9-D827C6EC9825}.Release|Any CPU.Build.0 = Release|Any CPU
		{E8097348-B126-45D4-AA35-DAA01E693ED8}.Debug|Any CPU.ActiveCfg = Debug|Any CPU
		{E8097348-B126-45D4-AA35-DAA01E693ED8}.Debug|Any CPU.Build.0 = Debug|Any CPU
		{E8097348-B126-45D4-AA35-DAA01E693ED8}.Release|Any CPU.ActiveCfg = Release|Any CPU
		{E8097348-B126-45D4-AA35-DAA01E693ED8}.Release|Any CPU.Build.0 = Release|Any CPU
		{2C26B168-FD51-4FCA-95AE-F7E0A9D347D0}.Debug|Any CPU.ActiveCfg = Debug|Any CPU
		{2C26B168-FD51-4FCA-95AE-F7E0A9D347D0}.Debug|Any CPU.Build.0 = Debug|Any CPU
		{2C26B168-FD51-4FCA-95AE-F7E0A9D347D0}.Release|Any CPU.ActiveCfg = Release|Any CPU
		{2C26B168-FD51-4FCA-95AE-F7E0A9D347D0}.Release|Any CPU.Build.0 = Release|Any CPU
	EndGlobalSection
	GlobalSection(SolutionProperties) = preSolution
		HideSolutionNode = FALSE
	EndGlobalSection
	GlobalSection(ExtensibilityGlobals) = postSolution
		SolutionGuid = {90CD9E73-BEA4-4993-9248-06ABA07B9A05}
	EndGlobalSection
EndGlobal
